
Microsoft Visual Studio Solution File, Format Version 12.00
# Visual Studio 15
VisualStudioVersion = 15.0.28307.271
MinimumVisualStudioVersion = 10.0.40219.1
Project("{2150E333-8FDC-42A3-9474-1A3956D46DE8}") = "1. UI", "1. UI", "{9FD73FC9-7398-45B4-A94F-D37354C51F66}"
EndProject
Project("{FAE04EC0-301F-11D3-BF4B-00C04F79EFBC}") = "MVC", "MVC\MVC.csproj", "{0634DFD9-6209-4D75-97AC-5DC9D5AFC7ED}"
EndProject
Global
	GlobalSection(SolutionConfigurationPlatforms) = preSolution
		Debug|Any CPU = Debug|Any CPU
		Release|Any CPU = Release|Any CPU
	EndGlobalSection
	GlobalSection(ProjectConfigurationPlatforms) = postSolution
		{0634DFD9-6209-4D75-97AC-5DC9D5AFC7ED}.Debug|Any CPU.ActiveCfg = Debug|Any CPU
		{0634DFD9-6209-4D75-97AC-5DC9D5AFC7ED}.Debug|Any CPU.Build.0 = Debug|Any CPU
		{0634DFD9-6209-4D75-97AC-5DC9D5AFC7ED}.Release|Any CPU.ActiveCfg = Release|Any CPU
		{0634DFD9-6209-4D75-97AC-5DC9D5AFC7ED}.Release|Any CPU.Build.0 = Release|Any CPU
	EndGlobalSection
	GlobalSection(SolutionProperties) = preSolution
		HideSolutionNode = FALSE
	EndGlobalSection
	GlobalSection(NestedProjects) = preSolution
		{0634DFD9-6209-4D75-97AC-5DC9D5AFC7ED} = {9FD73FC9-7398-45B4-A94F-D37354C51F66}
	EndGlobalSection
	GlobalSection(ExtensibilityGlobals) = postSolution
		SolutionGuid = {DF70B37F-8A90-4F7D-97F5-79C990676372}
	EndGlobalSection
EndGlobal
